
Microsoft Visual Studio Solution File, Format Version 12.00
# Visual Studio Version 16
VisualStudioVersion = 16.0.31025.194
MinimumVisualStudioVersion = 10.0.40219.1
Project("{FAE04EC0-301F-11D3-BF4B-00C04F79EFBC}") = "ConsoleApp1", "ConsoleApp1\ConsoleApp1.csproj", "{6C9786ED-A957-4469-A225-E561F7728B75}"
EndProject
Project("{FAE04EC0-301F-11D3-BF4B-00C04F79EFBC}") = "ConsoleApp1Tests", "ConsoleApp1Tests\ConsoleApp1Tests.csproj", "{400ADC39-72EA-4E9A-A4A3-1246DAFAA36E}"
EndProject
Project("{FAE04EC0-301F-11D3-BF4B-00C04F79EFBC}") = "GeneratorCS", "GeneratorCS\GeneratorCS.csproj", "{F410D725-67CA-4E53-8B9E-E677448613DE}"
EndProject
Project("{FAE04EC0-301F-11D3-BF4B-00C04F79EFBC}") = "WindowsFormsApp1", "WindowsFormsApp1\WindowsFormsApp1.csproj", "{45D5DB28-31F5-45F8-8D18-BFD37F76B89B}"
EndProject
Global
	GlobalSection(SolutionConfigurationPlatforms) = preSolution
		Debug|Any CPU = Debug|Any CPU
		Release|Any CPU = Release|Any CPU
	EndGlobalSection
	GlobalSection(ProjectConfigurationPlatforms) = postSolution
		{6C9786ED-A957-4469-A225-E561F7728B75}.Debug|Any CPU.ActiveCfg = Debug|Any CPU
		{6C9786ED-A957-4469-A225-E561F7728B75}.Debug|Any CPU.Build.0 = Debug|Any CPU
		{6C9786ED-A957-4469-A225-E561F7728B75}.Release|Any CPU.ActiveCfg = Release|Any CPU
		{6C9786ED-A957-4469-A225-E561F7728B75}.Release|Any CPU.Build.0 = Release|Any CPU
		{400ADC39-72EA-4E9A-A4A3-1246DAFAA36E}.Debug|Any CPU.ActiveCfg = Debug|Any CPU
		{400ADC39-72EA-4E9A-A4A3-1246DAFAA36E}.Debug|Any CPU.Build.0 = Debug|Any CPU
		{400ADC39-72EA-4E9A-A4A3-1246DAFAA36E}.Release|Any CPU.ActiveCfg = Release|Any CPU
		{400ADC39-72EA-4E9A-A4A3-1246DAFAA36E}.Release|Any CPU.Build.0 = Release|Any CPU
		{F410D725-67CA-4E53-8B9E-E677448613DE}.Debug|Any CPU.ActiveCfg = Debug|Any CPU
		{F410D725-67CA-4E53-8B9E-E677448613DE}.Debug|Any CPU.Build.0 = Debug|Any CPU
		{F410D725-67CA-4E53-8B9E-E677448613DE}.Release|Any CPU.ActiveCfg = Release|Any CPU
		{F410D725-67CA-4E53-8B9E-E677448613DE}.Release|Any CPU.Build.0 = Release|Any CPU
		{45D5DB28-31F5-45F8-8D18-BFD37F76B89B}.Debug|Any CPU.ActiveCfg = Debug|Any CPU
		{45D5DB28-31F5-45F8-8D18-BFD37F76B89B}.Debug|Any CPU.Build.0 = Debug|Any CPU
		{45D5DB28-31F5-45F8-8D18-BFD37F76B89B}.Release|Any CPU.ActiveCfg = Release|Any CPU
		{45D5DB28-31F5-45F8-8D18-BFD37F76B89B}.Release|Any CPU.Build.0 = Release|Any CPU
	EndGlobalSection
	GlobalSection(SolutionProperties) = preSolution
		HideSolutionNode = FALSE
	EndGlobalSection
	GlobalSection(ExtensibilityGlobals) = postSolution
		SolutionGuid = {4F836DF5-603F-462D-AD37-998404F75EAF}
	EndGlobalSection
EndGlobal
